
Microsoft Visual Studio Solution File, Format Version 12.00
# Visual Studio 2013
VisualStudioVersion = 12.0.21005.1
MinimumVisualStudioVersion = 10.0.40219.1
Project("{FAE04EC0-301F-11D3-BF4B-00C04F79EFBC}") = "UserPictureStorer", "UserPictureStorer\UserPictureStorer.csproj", "{E30CA252-50EE-425B-883B-FF5BFB97765C}"
EndProject
Global
	GlobalSection(SolutionConfigurationPlatforms) = preSolution
		Debug|Any CPU = Debug|Any CPU
		Release|Any CPU = Release|Any CPU
	EndGlobalSection
	GlobalSection(ProjectConfigurationPlatforms) = postSolution
		{E30CA252-50EE-425B-883B-FF5BFB97765C}.Debug|Any CPU.ActiveCfg = Debug|Any CPU
		{E30CA252-50EE-425B-883B-FF5BFB97765C}.Debug|Any CPU.Build.0 = Debug|Any CPU
		{E30CA252-50EE-425B-883B-FF5BFB97765C}.Release|Any CPU.ActiveCfg = Release|Any CPU
		{E30CA252-50EE-425B-883B-FF5BFB97765C}.Release|Any CPU.Build.0 = Release|Any CPU
	EndGlobalSection
	GlobalSection(SolutionProperties) = preSolution
		HideSolutionNode = FALSE
	EndGlobalSection
EndGlobal
